
Microsoft Visual Studio Solution File, Format Version 12.00
# Visual Studio 15
VisualStudioVersion = 15.0.28010.2036
MinimumVisualStudioVersion = 10.0.40219.1
Project("{D2ABAB84-BF74-430A-B69E-9DC6D40DDA17}") = "IDH_Cube", "IDH_Cube.dwproj", "{60E92827-0CAE-40B3-A3A9-56FAEB5C9803}"
EndProject
Global
	GlobalSection(SolutionConfigurationPlatforms) = preSolution
		Development|Default = Development|Default
	EndGlobalSection
	GlobalSection(ProjectConfigurationPlatforms) = postSolution
		{60E92827-0CAE-40B3-A3A9-56FAEB5C9803}.Development|Default.ActiveCfg = Development
		{60E92827-0CAE-40B3-A3A9-56FAEB5C9803}.Development|Default.Build.0 = Development
		{60E92827-0CAE-40B3-A3A9-56FAEB5C9803}.Development|Default.Deploy.0 = Development
	EndGlobalSection
	GlobalSection(SolutionProperties) = preSolution
		HideSolutionNode = FALSE
	EndGlobalSection
	GlobalSection(ExtensibilityGlobals) = postSolution
		SolutionGuid = {2388E27F-698C-41F9-ADBB-9D4535CA31F9}
	EndGlobalSection
EndGlobal
